<?xml version="1.0" encoding="utf-8"?>
<Project ToolsVersion="4.0" xmlns="http://schemas.microsoft.com/developer/msbuild/2003">
  <ItemGroup>
    <Filter Include="Fichiers de ressources">
      <UniqueIdentifier>{67DA6AB6-F800-4c08-8B7A-83BB121AAD01}</UniqueIdentifier>
      <Extensions>rc;ico;cur;bmp;dlg;rc2;rct;bin;rgs;gif;jpg;jpeg;jpe;resx;tiff;tif;png;wav;mfcribbon-ms</Extensions>
    </Filter>
    <Filter Include="src">
      <UniqueIdentifier>{4FC737F1-C7A5-4376-A066-2A32D752A2FF}</UniqueIdentifier>
      <Extensions>cpp;c;cc;cxx;c++;cppm;ixx;def;odl;idl;hpj;bat;asm;asmx</Extensions>
    </Filter>
    <Filter Include="include">
      <UniqueIdentifier>{93995380-89BD-4b04-88EB-625FBE52EBFB}</UniqueIdentifier>
      <Extensions>h;hh;hpp;hxx;h++;hm;inl;inc;ipp;xsd</Extensions>
    </Filter>
    <Filter Include="Python">
      <UniqueIdentifier>{6047faf7-6a8c-4506-98bc-e89713e73262}</UniqueIdentifier>
    </Filter>
    <Filter Include="Python\pages">
      <UniqueIdentifier>{83c4af58-41b5-4a13-9ea0-bd0a7be77c10}</UniqueIdentifier>
    </Filter>
    <Filter Include="cuda">
      <UniqueIdentifier>{8f26c3e2-7724-4e77-bf65-a84e7b303bca}</UniqueIdentifier>
    </Filter>
  </ItemGroup>
  <ItemGroup>
    <ClCompile Include="src\main.cpp">
      <Filter>src</Filter>
    </ClCompile>
    <ClCompile Include="src\gbm.cpp">
      <Filter>src</Filter>
    </ClCompile>
    <ClCompile Include="src\lsmc.cpp">
      <Filter>src</Filter>
    </ClCompile>
    <ClCompile Include="src\regression.cpp">
      <Filter>src</Filter>
    </ClCompile>
    <ClCompile Include="src\rng.cpp">
      <Filter>src</Filter>
    </ClCompile>
    <ClCompile Include="src\test_gbm.cpp">
      <Filter>src</Filter>
    </ClCompile>
    <ClCompile Include="test_cuda.cpp">
      <Filter>src</Filter>
    </ClCompile>
  </ItemGroup>
  <ItemGroup>
    <ClInclude Include="include\gbm.hpp">
      <Filter>include</Filter>
    </ClInclude>
    <ClInclude Include="include\lsmc.hpp">
      <Filter>include</Filter>
    </ClInclude>
    <ClInclude Include="include\regression.hpp">
      <Filter>include</Filter>
    </ClInclude>
    <ClInclude Include="include\rng.hpp">
      <Filter>include</Filter>
    </ClInclude>
  </ItemGroup>
  <ItemGroup>
    <None Include="python\pages\1_Simulation.py">
      <Filter>Python\pages</Filter>
    </None>
    <None Include="python\pages\2_Trajectoires_GBM.py">
      <Filter>Python\pages</Filter>
    </None>
    <None Include="python\pages\3_Performance_OpenMP.py">
      <Filter>Python\pages</Filter>
    </None>
    <None Include="python\pages\4_Explications_LSMC.py">
      <Filter>Python\pages</Filter>
    </None>
    <None Include="python\UI.py">
      <Filter>Python</Filter>
    </None>
  </ItemGroup>
  <ItemGroup>
    <CudaCompile Include="gbm.cu">
      <Filter>cuda</Filter>
    </CudaCompile>
    <CudaCompile Include="lsmc.cu">
      <Filter>cuda</Filter>
    </CudaCompile>
  </ItemGroup>
</Project>