<?xml version="1.0" encoding="utf-8"?>
<Project ToolsVersion="4.0" xmlns="http://schemas.microsoft.com/developer/msbuild/2003">
  <ItemGroup>
    <Filter Include="Fichiers de ressources">
      <UniqueIdentifier>{67DA6AB6-F800-4c08-8B7A-83BB121AAD01}</UniqueIdentifier>
      <Extensions>rc;ico;cur;bmp;dlg;rc2;rct;bin;rgs;gif;jpg;jpeg;jpe;resx;tiff;tif;png;wav;mfcribbon-ms</Extensions>
    </Filter>
    <Filter Include="src">
      <UniqueIdentifier>{4FC737F1-C7A5-4376-A066-2A32D752A2FF}</UniqueIdentifier>
      <Extensions>cpp;c;cc;cxx;c++;cppm;ixx;def;odl;idl;hpj;bat;asm;asmx</Extensions>
    </Filter>
    <Filter Include="include">
      <UniqueIdentifier>{93995380-89BD-4b04-88EB-625FBE52EBFB}</UniqueIdentifier>
      <Extensions>h;hh;hpp;hxx;h++;hm;inl;inc;ipp;xsd</Extensions>
    </Filter>
    <Filter Include="Python">
      <UniqueIdentifier>{6047faf7-6a8c-4506-98bc-e89713e73262}</UniqueIdentifier>
    </Filter>
  </ItemGroup>
  <ItemGroup>
    <ClInclude Include="rng.hpp">
      <Filter>include</Filter>
    </ClInclude>
    <ClInclude Include="gbm.hpp">
      <Filter>include</Filter>
    </ClInclude>
    <ClInclude Include="regression.hpp">
      <Filter>include</Filter>
    </ClInclude>
    <ClInclude Include="lsmc.hpp">
      <Filter>include</Filter>
    </ClInclude>
  </ItemGroup>
  <ItemGroup>
    <ClCompile Include="rng.cpp">
      <Filter>src</Filter>
    </ClCompile>
    <ClCompile Include="gbm.cpp">
      <Filter>src</Filter>
    </ClCompile>
    <ClCompile Include="regression.cpp">
      <Filter>src</Filter>
    </ClCompile>
    <ClCompile Include="lsmc.cpp">
      <Filter>src</Filter>
    </ClCompile>
    <ClCompile Include="test_gbm.cpp">
      <Filter>src</Filter>
    </ClCompile>
    <ClCompile Include="main.cpp">
      <Filter>src</Filter>
    </ClCompile>
    <ClCompile Include="test_regression.cpp">
      <Filter>src</Filter>
    </ClCompile>
  </ItemGroup>
  <ItemGroup>
    <None Include="..\python\analyse_convergence.py">
      <Filter>Python</Filter>
    </None>
    <None Include="..\python\comparaison_surface.py">
      <Filter>Python</Filter>
    </None>
    <None Include="..\python\comparaisons_threads.py">
      <Filter>Python</Filter>
    </None>
    <None Include="..\python\heatmap.py">
      <Filter>Python</Filter>
    </None>
    <None Include="..\python\resultats_lsmc.csv">
      <Filter>Python</Filter>
    </None>
    <None Include="..\python\trajectoires_gbm.csv">
      <Filter>Python</Filter>
    </None>
    <None Include="..\python\trajectoires2.py">
      <Filter>Python</Filter>
    </None>
    <None Include="..\python\UI.py">
      <Filter>Python</Filter>
    </None>
    <None Include="..\python\visualisation.py">
      <Filter>Python</Filter>
    </None>
  </ItemGroup>
</Project>